// !$*UTF8*$!
{
	archiveVersion = 1;
	classes = {
	};
	objectVersion = 55;
	objects = {

/* Begin PBXBuildFile section */
		D00351FA277A1FCC00FDBD5E /* RecipeListApp.swift in Sources */ = {isa = PBXBuildFile; fileRef = D00351F9277A1FCC00FDBD5E /* RecipeListApp.swift */; };
		D00351FC277A1FCC00FDBD5E /* RecipeListView.swift in Sources */ = {isa = PBXBuildFile; fileRef = D00351FB277A1FCC00FDBD5E /* RecipeListView.swift */; };
		D00351FE277A1FCE00FDBD5E /* Assets.xcassets in Resources */ = {isa = PBXBuildFile; fileRef = D00351FD277A1FCE00FDBD5E /* Assets.xcassets */; };
		D0035201277A1FCE00FDBD5E /* Preview Assets.xcassets in Resources */ = {isa = PBXBuildFile; fileRef = D0035200277A1FCE00FDBD5E /* Preview Assets.xcassets */; };
		D003520D277A21B600FDBD5E /* recipes.json in Resources */ = {isa = PBXBuildFile; fileRef = D003520C277A21B600FDBD5E /* recipes.json */; };
		D003520F277A220900FDBD5E /* Recipe.swift in Sources */ = {isa = PBXBuildFile; fileRef = D003520E277A220900FDBD5E /* Recipe.swift */; };
		D0035211277A234F00FDBD5E /* RecipeModel.swift in Sources */ = {isa = PBXBuildFile; fileRef = D0035210277A234F00FDBD5E /* RecipeModel.swift */; };
		D0035213277A255400FDBD5E /* DataService.swift in Sources */ = {isa = PBXBuildFile; fileRef = D0035212277A255400FDBD5E /* DataService.swift */; };
		D0035215277A3D8B00FDBD5E /* RecipeDetailView.swift in Sources */ = {isa = PBXBuildFile; fileRef = D0035214277A3D8B00FDBD5E /* RecipeDetailView.swift */; };
		D0035233277A558B00FDBD5E /* RecipeTabView.swift in Sources */ = {isa = PBXBuildFile; fileRef = D0035232277A558B00FDBD5E /* RecipeTabView.swift */; };
/* End PBXBuildFile section */

/* Begin PBXFileReference section */
		D00351F6277A1FCC00FDBD5E /* RecipeListApp.app */ = {isa = PBXFileReference; explicitFileType = wrapper.application; includeInIndex = 0; path = RecipeListApp.app; sourceTree = BUILT_PRODUCTS_DIR; };
		D00351F9277A1FCC00FDBD5E /* RecipeListApp.swift */ = {isa = PBXFileReference; lastKnownFileType = sourcecode.swift; path = RecipeListApp.swift; sourceTree = "<group>"; };
		D00351FB277A1FCC00FDBD5E /* RecipeListView.swift */ = {isa = PBXFileReference; lastKnownFileType = sourcecode.swift; path = RecipeListView.swift; sourceTree = "<group>"; };
		D00351FD277A1FCE00FDBD5E /* Assets.xcassets */ = {isa = PBXFileReference; lastKnownFileType = folder.assetcatalog; path = Assets.xcassets; sourceTree = "<group>"; };
		D0035200277A1FCE00FDBD5E /* Preview Assets.xcassets */ = {isa = PBXFileReference; lastKnownFileType = folder.assetcatalog; path = "Preview Assets.xcassets"; sourceTree = "<group>"; };
		D003520C277A21B600FDBD5E /* recipes.json */ = {isa = PBXFileReference; fileEncoding = 4; lastKnownFileType = text.json; path = recipes.json; sourceTree = "<group>"; };
		D003520E277A220900FDBD5E /* Recipe.swift */ = {isa = PBXFileReference; lastKnownFileType = sourcecode.swift; path = Recipe.swift; sourceTree = "<group>"; };
		D0035210277A234F00FDBD5E /* RecipeModel.swift */ = {isa = PBXFileReference; lastKnownFileType = sourcecode.swift; path = RecipeModel.swift; sourceTree = "<group>"; };
		D0035212277A255400FDBD5E /* DataService.swift */ = {isa = PBXFileReference; lastKnownFileType = sourcecode.swift; path = DataService.swift; sourceTree = "<group>"; };
		D0035214277A3D8B00FDBD5E /* RecipeDetailView.swift */ = {isa = PBXFileReference; lastKnownFileType = sourcecode.swift; path = RecipeDetailView.swift; sourceTree = "<group>"; };
		D0035232277A558B00FDBD5E /* RecipeTabView.swift */ = {isa = PBXFileReference; lastKnownFileType = sourcecode.swift; path = RecipeTabView.swift; sourceTree = "<group>"; };
/* End PBXFileReference section */

/* Begin PBXFrameworksBuildPhase section */
		D00351F3277A1FCC00FDBD5E /* Frameworks */ = {
			isa = PBXFrameworksBuildPhase;
			buildActionMask = 2147483647;
			files = (
			);
			runOnlyForDeploymentPostprocessing = 0;
		};
/* End PBXFrameworksBuildPhase section */

/* Begin PBXGroup section */
		D00351ED277A1FCC00FDBD5E = {
			isa = PBXGroup;
			children = (
				D00351F8277A1FCC00FDBD5E /* RecipeListApp */,
				D00351F7277A1FCC00FDBD5E /* Products */,
			);
			sourceTree = "<group>";
		};
		D00351F7277A1FCC00FDBD5E /* Products */ = {
			isa = PBXGroup;
			children = (
				D00351F6277A1FCC00FDBD5E /* RecipeListApp.app */,
			);
			name = Products;
			sourceTree = "<group>";
		};
		D00351F8277A1FCC00FDBD5E /* RecipeListApp */ = {
			isa = PBXGroup;
			children = (
				D00351F9277A1FCC00FDBD5E /* RecipeListApp.swift */,
				D0035207277A201300FDBD5E /* Views */,
				D0035208277A202700FDBD5E /* ViewsModels */,
				D0035209277A203900FDBD5E /* Models */,
				D003520A277A204600FDBD5E /* Services */,
				D003520B277A204F00FDBD5E /* Data */,
				D00351FD277A1FCE00FDBD5E /* Assets.xcassets */,
				D00351FF277A1FCE00FDBD5E /* Preview Content */,
			);
			path = RecipeListApp;
			sourceTree = "<group>";
		};
		D00351FF277A1FCE00FDBD5E /* Preview Content */ = {
			isa = PBXGroup;
			children = (
				D0035200277A1FCE00FDBD5E /* Preview Assets.xcassets */,
			);
			path = "Preview Content";
			sourceTree = "<group>";
		};
		D0035207277A201300FDBD5E /* Views */ = {
			isa = PBXGroup;
			children = (
				D00351FB277A1FCC00FDBD5E /* RecipeListView.swift */,
				D0035214277A3D8B00FDBD5E /* RecipeDetailView.swift */,
				D0035232277A558B00FDBD5E /* RecipeTabView.swift */,
			);
			path = Views;
			sourceTree = "<group>";
		};
		D0035208277A202700FDBD5E /* ViewsModels */ = {
			isa = PBXGroup;
			children = (
				D0035210277A234F00FDBD5E /* RecipeModel.swift */,
			);
			path = ViewsModels;
			sourceTree = "<group>";
		};
		D0035209277A203900FDBD5E /* Models */ = {
			isa = PBXGroup;
			children = (
				D003520E277A220900FDBD5E /* Recipe.swift */,
			);
			path = Models;
			sourceTree = "<group>";
		};
		D003520A277A204600FDBD5E /* Services */ = {
			isa = PBXGroup;
			children = (
				D0035212277A255400FDBD5E /* DataService.swift */,
			);
			path = Services;
			sourceTree = "<group>";
		};
		D003520B277A204F00FDBD5E /* Data */ = {
			isa = PBXGroup;
			children = (
				D003520C277A21B600FDBD5E /* recipes.json */,
			);
			path = Data;
			sourceTree = "<group>";
		};
/* End PBXGroup section */

/* Begin PBXNativeTarget section */
		D00351F5277A1FCC00FDBD5E /* RecipeListApp */ = {
			isa = PBXNativeTarget;
			buildConfigurationList = D0035204277A1FCE00FDBD5E /* Build configuration list for PBXNativeTarget "RecipeListApp" */;
			buildPhases = (
				D00351F2277A1FCC00FDBD5E /* Sources */,
				D00351F3277A1FCC00FDBD5E /* Frameworks */,
				D00351F4277A1FCC00FDBD5E /* Resources */,
			);
			buildRules = (
			);
			dependencies = (
			);
			name = RecipeListApp;
			productName = RecipeListApp;
			productReference = D00351F6277A1FCC00FDBD5E /* RecipeListApp.app */;
			productType = "com.apple.product-type.application";
		};
/* End PBXNativeTarget section */

/* Begin PBXProject section */
		D00351EE277A1FCC00FDBD5E /* Project object */ = {
			isa = PBXProject;
			attributes = {
				BuildIndependentTargetsInParallel = 1;
				LastSwiftUpdateCheck = 1320;
				LastUpgradeCheck = 1320;
				TargetAttributes = {
					D00351F5277A1FCC00FDBD5E = {
						CreatedOnToolsVersion = 13.2.1;
					};
				};
			};
			buildConfigurationList = D00351F1277A1FCC00FDBD5E /* Build configuration list for PBXProject "RecipeListApp" */;
			compatibilityVersion = "Xcode 13.0";
			developmentRegion = en;
			hasScannedForEncodings = 0;
			knownRegions = (
				en,
				Base,
			);
			mainGroup = D00351ED277A1FCC00FDBD5E;
			productRefGroup = D00351F7277A1FCC00FDBD5E /* Products */;
			projectDirPath = "";
			projectRoot = "";
			targets = (
				D00351F5277A1FCC00FDBD5E /* RecipeListApp */,
			);
		};
/* End PBXProject section */

/* Begin PBXResourcesBuildPhase section */
		D00351F4277A1FCC00FDBD5E /* Resources */ = {
			isa = PBXResourcesBuildPhase;
			buildActionMask = 2147483647;
			files = (
				D0035201277A1FCE00FDBD5E /* Preview Assets.xcassets in Resources */,
				D003520D277A21B600FDBD5E /* recipes.json in Resources */,
				D00351FE277A1FCE00FDBD5E /* Assets.xcassets in Resources */,
			);
			runOnlyForDeploymentPostprocessing = 0;
		};
/* End PBXResourcesBuildPhase section */

/* Begin PBXSourcesBuildPhase section */
		D00351F2277A1FCC00FDBD5E /* Sources */ = {
			isa = PBXSourcesBuildPhase;
			buildActionMask = 2147483647;
			files = (
				D003520F277A220900FDBD5E /* Recipe.swift in Sources */,
				D0035215277A3D8B00FDBD5E /* RecipeDetailView.swift in Sources */,
				D0035211277A234F00FDBD5E /* RecipeModel.swift in Sources */,
				D00351FC277A1FCC00FDBD5E /* RecipeListView.swift in Sources */,
				D00351FA277A1FCC00FDBD5E /* RecipeListApp.swift in Sources */,
				D0035213277A255400FDBD5E /* DataService.swift in Sources */,
				D0035233277A558B00FDBD5E /* RecipeTabView.swift in Sources */,
			);
			runOnlyForDeploymentPostprocessing = 0;
		};
/* End PBXSourcesBuildPhase section */

/* Begin XCBuildConfiguration section */
		D0035202277A1FCE00FDBD5E /* Debug */ = {
			isa = XCBuildConfiguration;
			buildSettings = {
				ALWAYS_SEARCH_USER_PATHS = NO;
				CLANG_ANALYZER_NONNULL = YES;
				CLANG_ANALYZER_NUMBER_OBJECT_CONVERSION = YES_AGGRESSIVE;
				CLANG_CXX_LANGUAGE_STANDARD = "gnu++17";
				CLANG_CXX_LIBRARY = "libc++";
				CLANG_ENABLE_MODULES = YES;
				CLANG_ENABLE_OBJC_ARC = YES;
				CLANG_ENABLE_OBJC_WEAK = YES;
				CLANG_WARN_BLOCK_CAPTURE_AUTORELEASING = YES;
				CLANG_WARN_BOOL_CONVERSION = YES;
				CLANG_WARN_COMMA = YES;
				CLANG_WARN_CONSTANT_CONVERSION = YES;
				CLANG_WARN_DEPRECATED_OBJC_IMPLEMENTATIONS = YES;
				CLANG_WARN_DIRECT_OBJC_ISA_USAGE = YES_ERROR;
				CLANG_WARN_DOCUMENTATION_COMMENTS = YES;
				CLANG_WARN_EMPTY_BODY = YES;
				CLANG_WARN_ENUM_CONVERSION = YES;
				CLANG_WARN_INFINITE_RECURSION = YES;
				CLANG_WARN_INT_CONVERSION = YES;
				CLANG_WARN_NON_LITERAL_NULL_CONVERSION = YES;
				CLANG_WARN_OBJC_IMPLICIT_RETAIN_SELF = YES;
				CLANG_WARN_OBJC_LITERAL_CONVERSION = YES;
				CLANG_WARN_OBJC_ROOT_CLASS = YES_ERROR;
				CLANG_WARN_QUOTED_INCLUDE_IN_FRAMEWORK_HEADER = YES;
				CLANG_WARN_RANGE_LOOP_ANALYSIS = YES;
				CLANG_WARN_STRICT_PROTOTYPES = YES;
				CLANG_WARN_SUSPICIOUS_MOVE = YES;
				CLANG_WARN_UNGUARDED_AVAILABILITY = YES_AGGRESSIVE;
				CLANG_WARN_UNREACHABLE_CODE = YES;
				CLANG_WARN__DUPLICATE_METHOD_MATCH = YES;
				COPY_PHASE_STRIP = NO;
				DEBUG_INFORMATION_FORMAT = dwarf;
				ENABLE_STRICT_OBJC_MSGSEND = YES;
				ENABLE_TESTABILITY = YES;
				GCC_C_LANGUAGE_STANDARD = gnu11;
				GCC_DYNAMIC_NO_PIC = NO;
				GCC_NO_COMMON_BLOCKS = YES;
				GCC_OPTIMIZATION_LEVEL = 0;
				GCC_PREPROCESSOR_DEFINITIONS = (
					"DEBUG=1",
					"$(inherited)",
				);
				GCC_WARN_64_TO_32_BIT_CONVERSION = YES;
				GCC_WARN_ABOUT_RETURN_TYPE = YES_ERROR;
				GCC_WARN_UNDECLARED_SELECTOR = YES;
				GCC_WARN_UNINITIALIZED_AUTOS = YES_AGGRESSIVE;
				GCC_WARN_UNUSED_FUNCTION = YES;
				GCC_WARN_UNUSED_VARIABLE = YES;
				IPHONEOS_DEPLOYMENT_TARGET = 15.2;
				MTL_ENABLE_DEBUG_INFO = INCLUDE_SOURCE;
				MTL_FAST_MATH = YES;
				ONLY_ACTIVE_ARCH = YES;
				SDKROOT = iphoneos;
				SWIFT_ACTIVE_COMPILATION_CONDITIONS = DEBUG;
				SWIFT_OPTIMIZATION_LEVEL = "-Onone";
			};
			name = Debug;
		};
		D0035203277A1FCE00FDBD5E /* Release */ = {
			isa = XCBuildConfiguration;
			buildSettings = {
				ALWAYS_SEARCH_USER_PATHS = NO;
				CLANG_ANALYZER_NONNULL = YES;
				CLANG_ANALYZER_NUMBER_OBJECT_CONVERSION = YES_AGGRESSIVE;
				CLANG_CXX_LANGUAGE_STANDARD = "gnu++17";
				CLANG_CXX_LIBRARY = "libc++";
				CLANG_ENABLE_MODULES = YES;
				CLANG_ENABLE_OBJC_ARC = YES;
				CLANG_ENABLE_OBJC_WEAK = YES;
				CLANG_WARN_BLOCK_CAPTURE_AUTORELEASING = YES;
				CLANG_WARN_BOOL_CONVERSION = YES;
				CLANG_WARN_COMMA = YES;
				CLANG_WARN_CONSTANT_CONVERSION = YES;
				CLANG_WARN_DEPRECATED_OBJC_IMPLEMENTATIONS = YES;
				CLANG_WARN_DIRECT_OBJC_ISA_USAGE = YES_ERROR;
				CLANG_WARN_DOCUMENTATION_COMMENTS = YES;
				CLANG_WARN_EMPTY_BODY = YES;
				CLANG_WARN_ENUM_CONVERSION = YES;
				CLANG_WARN_INFINITE_RECURSION = YES;
				CLANG_WARN_INT_CONVERSION = YES;
				CLANG_WARN_NON_LITERAL_NULL_CONVERSION = YES;
				CLANG_WARN_OBJC_IMPLICIT_RETAIN_SELF = YES;
				CLANG_WARN_OBJC_LITERAL_CONVERSION = YES;
				CLANG_WARN_OBJC_ROOT_CLASS = YES_ERROR;
				CLANG_WARN_QUOTED_INCLUDE_IN_FRAMEWORK_HEADER = YES;
				CLANG_WARN_RANGE_LOOP_ANALYSIS = YES;
				CLANG_WARN_STRICT_PROTOTYPES = YES;
				CLANG_WARN_SUSPICIOUS_MOVE = YES;
				CLANG_WARN_UNGUARDED_AVAILABILITY = YES_AGGRESSIVE;
				CLANG_WARN_UNREACHABLE_CODE = YES;
				CLANG_WARN__DUPLICATE_METHOD_MATCH = YES;
				COPY_PHASE_STRIP = NO;
				DEBUG_INFORMATION_FORMAT = "dwarf-with-dsym";
				ENABLE_NS_ASSERTIONS = NO;
				ENABLE_STRICT_OBJC_MSGSEND = YES;
				GCC_C_LANGUAGE_STANDARD = gnu11;
				GCC_NO_COMMON_BLOCKS = YES;
				GCC_WARN_64_TO_32_BIT_CONVERSION = YES;
				GCC_WARN_ABOUT_RETURN_TYPE = YES_ERROR;
				GCC_WARN_UNDECLARED_SELECTOR = YES;
				GCC_WARN_UNINITIALIZED_AUTOS = YES_AGGRESSIVE;
				GCC_WARN_UNUSED_FUNCTION = YES;
				GCC_WARN_UNUSED_VARIABLE = YES;
				IPHONEOS_DEPLOYMENT_TARGET = 15.2;
				MTL_ENABLE_DEBUG_INFO = NO;
				MTL_FAST_MATH = YES;
				SDKROOT = iphoneos;
				SWIFT_COMPILATION_MODE = wholemodule;
				SWIFT_OPTIMIZATION_LEVEL = "-O";
				VALIDATE_PRODUCT = YES;
			};
			name = Release;
		};
		D0035205277A1FCE00FDBD5E /* Debug */ = {
			isa = XCBuildConfiguration;
			buildSettings = {
				ASSETCATALOG_COMPILER_APPICON_NAME = AppIcon;
				ASSETCATALOG_COMPILER_GLOBAL_ACCENT_COLOR_NAME = AccentColor;
				CODE_SIGN_STYLE = Automatic;
				CURRENT_PROJECT_VERSION = 1;
				DEVELOPMENT_ASSET_PATHS = "\"RecipeListApp/Preview Content\"";
				ENABLE_PREVIEWS = YES;
				GENERATE_INFOPLIST_FILE = YES;
				INFOPLIST_KEY_UIApplicationSceneManifest_Generation = YES;
				INFOPLIST_KEY_UIApplicationSupportsIndirectInputEvents = YES;
				INFOPLIST_KEY_UILaunchScreen_Generation = YES;
				INFOPLIST_KEY_UISupportedInterfaceOrientations_iPad = "UIInterfaceOrientationPortrait UIInterfaceOrientationPortraitUpsideDown UIInterfaceOrientationLandscapeLeft UIInterfaceOrientationLandscapeRight";
				INFOPLIST_KEY_UISupportedInterfaceOrientations_iPhone = "UIInterfaceOrientationPortrait UIInterfaceOrientationLandscapeLeft UIInterfaceOrientationLandscapeRight";
				LD_RUNPATH_SEARCH_PATHS = (
					"$(inherited)",
					"@executable_path/Frameworks",
				);
				MARKETING_VERSION = 1.0;
				PRODUCT_BUNDLE_IDENTIFIER = henriquecampanha.RecipeListApp;
				PRODUCT_NAME = "$(TARGET_NAME)";
				SWIFT_EMIT_LOC_STRINGS = YES;
				SWIFT_VERSION = 5.0;
				TARGETED_DEVICE_FAMILY = "1,2";
			};
			name = Debug;
		};
		D0035206277A1FCE00FDBD5E /* Release */ = {
			isa = XCBuildConfiguration;
			buildSettings = {
				ASSETCATALOG_COMPILER_APPICON_NAME = AppIcon;
				ASSETCATALOG_COMPILER_GLOBAL_ACCENT_COLOR_NAME = AccentColor;
				CODE_SIGN_STYLE = Automatic;
				CURRENT_PROJECT_VERSION = 1;
				DEVELOPMENT_ASSET_PATHS = "\"RecipeListApp/Preview Content\"";
				ENABLE_PREVIEWS = YES;
				GENERATE_INFOPLIST_FILE = YES;
				INFOPLIST_KEY_UIApplicationSceneManifest_Generation = YES;
				INFOPLIST_KEY_UIApplicationSupportsIndirectInputEvents = YES;
				INFOPLIST_KEY_UILaunchScreen_Generation = YES;
				INFOPLIST_KEY_UISupportedInterfaceOrientations_iPad = "UIInterfaceOrientationPortrait UIInterfaceOrientationPortraitUpsideDown UIInterfaceOrientationLandscapeLeft UIInterfaceOrientationLandscapeRight";
				INFOPLIST_KEY_UISupportedInterfaceOrientations_iPhone = "UIInterfaceOrientationPortrait UIInterfaceOrientationLandscapeLeft UIInterfaceOrientationLandscapeRight";
				LD_RUNPATH_SEARCH_PATHS = (
					"$(inherited)",
					"@executable_path/Frameworks",
				);
				MARKETING_VERSION = 1.0;
				PRODUCT_BUNDLE_IDENTIFIER = henriquecampanha.RecipeListApp;
				PRODUCT_NAME = "$(TARGET_NAME)";
				SWIFT_EMIT_LOC_STRINGS = YES;
				SWIFT_VERSION = 5.0;
				TARGETED_DEVICE_FAMILY = "1,2";
			};
			name = Release;
		};
/* End XCBuildConfiguration section */

/* Begin XCConfigurationList section */
		D00351F1277A1FCC00FDBD5E /* Build configuration list for PBXProject "RecipeListApp" */ = {
			isa = XCConfigurationList;
			buildConfigurations = (
				D0035202277A1FCE00FDBD5E /* Debug */,
				D0035203277A1FCE00FDBD5E /* Release */,
			);
			defaultConfigurationIsVisible = 0;
			defaultConfigurationName = Release;
		};
		D0035204277A1FCE00FDBD5E /* Build configuration list for PBXNativeTarget "RecipeListApp" */ = {
			isa = XCConfigurationList;
			buildConfigurations = (
				D0035205277A1FCE00FDBD5E /* Debug */,
				D0035206277A1FCE00FDBD5E /* Release */,
			);
			defaultConfigurationIsVisible = 0;
			defaultConfigurationName = Release;
		};
/* End XCConfigurationList section */
	};
	rootObject = D00351EE277A1FCC00FDBD5E /* Project object */;
}
